
Microsoft Visual Studio Solution File, Format Version 12.00
# Visual Studio Version 16
VisualStudioVersion = 16.0.30011.22
MinimumVisualStudioVersion = 10.0.40219.1
Project("{F184B08F-C81C-45F6-A57F-5ABD9991F28F}") = "Swift_Message_Parsing", "Swift_Message_Parsing\Swift_Message_Parsing.vbproj", "{808ABCFF-6768-4792-A65C-22AB25872106}"
EndProject
Global
	GlobalSection(SolutionConfigurationPlatforms) = preSolution
		Debug|Any CPU = Debug|Any CPU
		Release|Any CPU = Release|Any CPU
	EndGlobalSection
	GlobalSection(ProjectConfigurationPlatforms) = postSolution
		{808ABCFF-6768-4792-A65C-22AB25872106}.Debug|Any CPU.ActiveCfg = Debug|Any CPU
		{808ABCFF-6768-4792-A65C-22AB25872106}.Debug|Any CPU.Build.0 = Debug|Any CPU
		{808ABCFF-6768-4792-A65C-22AB25872106}.Release|Any CPU.ActiveCfg = Release|Any CPU
		{808ABCFF-6768-4792-A65C-22AB25872106}.Release|Any CPU.Build.0 = Release|Any CPU
	EndGlobalSection
	GlobalSection(SolutionProperties) = preSolution
		HideSolutionNode = FALSE
	EndGlobalSection
	GlobalSection(ExtensibilityGlobals) = postSolution
		SolutionGuid = {C9B4A354-44D8-4764-8D43-EF9798486717}
	EndGlobalSection
EndGlobal
